// !$*UTF8*$!
{
	archiveVersion = 1;
	classes = {
	};
	objectVersion = 50;
	objects = {

/* Begin PBXBuildFile section */
		6D90122F24E4ED9D0089268C /* AppDelegate.swift in Sources */ = {isa = PBXBuildFile; fileRef = 6D90122E24E4ED9D0089268C /* AppDelegate.swift */; };
		6D90123124E4ED9D0089268C /* SceneDelegate.swift in Sources */ = {isa = PBXBuildFile; fileRef = 6D90123024E4ED9D0089268C /* SceneDelegate.swift */; };
		6D90123324E4ED9D0089268C /* ContentView.swift in Sources */ = {isa = PBXBuildFile; fileRef = 6D90123224E4ED9D0089268C /* ContentView.swift */; };
		6D90123524E4ED9E0089268C /* Assets.xcassets in Resources */ = {isa = PBXBuildFile; fileRef = 6D90123424E4ED9E0089268C /* Assets.xcassets */; };
		6D90123824E4ED9E0089268C /* Preview Assets.xcassets in Resources */ = {isa = PBXBuildFile; fileRef = 6D90123724E4ED9E0089268C /* Preview Assets.xcassets */; };
		6D90123B24E4ED9E0089268C /* LaunchScreen.storyboard in Resources */ = {isa = PBXBuildFile; fileRef = 6D90123924E4ED9E0089268C /* LaunchScreen.storyboard */; };
		6D90124624E4ED9F0089268C /* GuessTheFlagTests.swift in Sources */ = {isa = PBXBuildFile; fileRef = 6D90124524E4ED9F0089268C /* GuessTheFlagTests.swift */; };
		6D90125124E4ED9F0089268C /* GuessTheFlagUITests.swift in Sources */ = {isa = PBXBuildFile; fileRef = 6D90125024E4ED9F0089268C /* GuessTheFlagUITests.swift */; };
/* End PBXBuildFile section */

/* Begin PBXContainerItemProxy section */
		6D90124224E4ED9F0089268C /* PBXContainerItemProxy */ = {
			isa = PBXContainerItemProxy;
			containerPortal = 6D90122324E4ED9D0089268C /* Project object */;
			proxyType = 1;
			remoteGlobalIDString = 6D90122A24E4ED9D0089268C;
			remoteInfo = GuessTheFlag;
		};
		6D90124D24E4ED9F0089268C /* PBXContainerItemProxy */ = {
			isa = PBXContainerItemProxy;
			containerPortal = 6D90122324E4ED9D0089268C /* Project object */;
			proxyType = 1;
			remoteGlobalIDString = 6D90122A24E4ED9D0089268C;
			remoteInfo = GuessTheFlag;
		};
/* End PBXContainerItemProxy section */

/* Begin PBXFileReference section */
		6D90122B24E4ED9D0089268C /* GuessTheFlag.app */ = {isa = PBXFileReference; explicitFileType = wrapper.application; includeInIndex = 0; path = GuessTheFlag.app; sourceTree = BUILT_PRODUCTS_DIR; };
		6D90122E24E4ED9D0089268C /* AppDelegate.swift */ = {isa = PBXFileReference; lastKnownFileType = sourcecode.swift; path = AppDelegate.swift; sourceTree = "<group>"; };
		6D90123024E4ED9D0089268C /* SceneDelegate.swift */ = {isa = PBXFileReference; lastKnownFileType = sourcecode.swift; path = SceneDelegate.swift; sourceTree = "<group>"; };
		6D90123224E4ED9D0089268C /* ContentView.swift */ = {isa = PBXFileReference; lastKnownFileType = sourcecode.swift; path = ContentView.swift; sourceTree = "<group>"; };
		6D90123424E4ED9E0089268C /* Assets.xcassets */ = {isa = PBXFileReference; lastKnownFileType = folder.assetcatalog; path = Assets.xcassets; sourceTree = "<group>"; };
		6D90123724E4ED9E0089268C /* Preview Assets.xcassets */ = {isa = PBXFileReference; lastKnownFileType = folder.assetcatalog; path = "Preview Assets.xcassets"; sourceTree = "<group>"; };
		6D90123A24E4ED9E0089268C /* Base */ = {isa = PBXFileReference; lastKnownFileType = file.storyboard; name = Base; path = Base.lproj/LaunchScreen.storyboard; sourceTree = "<group>"; };
		6D90123C24E4ED9F0089268C /* Info.plist */ = {isa = PBXFileReference; lastKnownFileType = text.plist.xml; path = Info.plist; sourceTree = "<group>"; };
		6D90124124E4ED9F0089268C /* GuessTheFlagTests.xctest */ = {isa = PBXFileReference; explicitFileType = wrapper.cfbundle; includeInIndex = 0; path = GuessTheFlagTests.xctest; sourceTree = BUILT_PRODUCTS_DIR; };
		6D90124524E4ED9F0089268C /* GuessTheFlagTests.swift */ = {isa = PBXFileReference; lastKnownFileType = sourcecode.swift; path = GuessTheFlagTests.swift; sourceTree = "<group>"; };
		6D90124724E4ED9F0089268C /* Info.plist */ = {isa = PBXFileReference; lastKnownFileType = text.plist.xml; path = Info.plist; sourceTree = "<group>"; };
		6D90124C24E4ED9F0089268C /* GuessTheFlagUITests.xctest */ = {isa = PBXFileReference; explicitFileType = wrapper.cfbundle; includeInIndex = 0; path = GuessTheFlagUITests.xctest; sourceTree = BUILT_PRODUCTS_DIR; };
		6D90125024E4ED9F0089268C /* GuessTheFlagUITests.swift */ = {isa = PBXFileReference; lastKnownFileType = sourcecode.swift; path = GuessTheFlagUITests.swift; sourceTree = "<group>"; };
		6D90125224E4ED9F0089268C /* Info.plist */ = {isa = PBXFileReference; lastKnownFileType = text.plist.xml; path = Info.plist; sourceTree = "<group>"; };
/* End PBXFileReference section */

/* Begin PBXFrameworksBuildPhase section */
		6D90122824E4ED9D0089268C /* Frameworks */ = {
			isa = PBXFrameworksBuildPhase;
			buildActionMask = 2147483647;
			files = (
			);
			runOnlyForDeploymentPostprocessing = 0;
		};
		6D90123E24E4ED9F0089268C /* Frameworks */ = {
			isa = PBXFrameworksBuildPhase;
			buildActionMask = 2147483647;
			files = (
			);
			runOnlyForDeploymentPostprocessing = 0;
		};
		6D90124924E4ED9F0089268C /* Frameworks */ = {
			isa = PBXFrameworksBuildPhase;
			buildActionMask = 2147483647;
			files = (
			);
			runOnlyForDeploymentPostprocessing = 0;
		};
/* End PBXFrameworksBuildPhase section */

/* Begin PBXGroup section */
		6D90122224E4ED9D0089268C = {
			isa = PBXGroup;
			children = (
				6D90122D24E4ED9D0089268C /* GuessTheFlag */,
				6D90124424E4ED9F0089268C /* GuessTheFlagTests */,
				6D90124F24E4ED9F0089268C /* GuessTheFlagUITests */,
				6D90122C24E4ED9D0089268C /* Products */,
			);
			sourceTree = "<group>";
		};
		6D90122C24E4ED9D0089268C /* Products */ = {
			isa = PBXGroup;
			children = (
				6D90122B24E4ED9D0089268C /* GuessTheFlag.app */,
				6D90124124E4ED9F0089268C /* GuessTheFlagTests.xctest */,
				6D90124C24E4ED9F0089268C /* GuessTheFlagUITests.xctest */,
			);
			name = Products;
			sourceTree = "<group>";
		};
		6D90122D24E4ED9D0089268C /* GuessTheFlag */ = {
			isa = PBXGroup;
			children = (
				6D90122E24E4ED9D0089268C /* AppDelegate.swift */,
				6D90123024E4ED9D0089268C /* SceneDelegate.swift */,
				6D90123224E4ED9D0089268C /* ContentView.swift */,
				6D90123424E4ED9E0089268C /* Assets.xcassets */,
				6D90123924E4ED9E0089268C /* LaunchScreen.storyboard */,
				6D90123C24E4ED9F0089268C /* Info.plist */,
				6D90123624E4ED9E0089268C /* Preview Content */,
			);
			path = GuessTheFlag;
			sourceTree = "<group>";
		};
		6D90123624E4ED9E0089268C /* Preview Content */ = {
			isa = PBXGroup;
			children = (
				6D90123724E4ED9E0089268C /* Preview Assets.xcassets */,
			);
			path = "Preview Content";
			sourceTree = "<group>";
		};
		6D90124424E4ED9F0089268C /* GuessTheFlagTests */ = {
			isa = PBXGroup;
			children = (
				6D90124524E4ED9F0089268C /* GuessTheFlagTests.swift */,
				6D90124724E4ED9F0089268C /* Info.plist */,
			);
			path = GuessTheFlagTests;
			sourceTree = "<group>";
		};
		6D90124F24E4ED9F0089268C /* GuessTheFlagUITests */ = {
			isa = PBXGroup;
			children = (
				6D90125024E4ED9F0089268C /* GuessTheFlagUITests.swift */,
				6D90125224E4ED9F0089268C /* Info.plist */,
			);
			path = GuessTheFlagUITests;
			sourceTree = "<group>";
		};
/* End PBXGroup section */

/* Begin PBXNativeTarget section */
		6D90122A24E4ED9D0089268C /* GuessTheFlag */ = {
			isa = PBXNativeTarget;
			buildConfigurationList = 6D90125524E4ED9F0089268C /* Build configuration list for PBXNativeTarget "GuessTheFlag" */;
			buildPhases = (
				6D90122724E4ED9D0089268C /* Sources */,
				6D90122824E4ED9D0089268C /* Frameworks */,
				6D90122924E4ED9D0089268C /* Resources */,
			);
			buildRules = (
			);
			dependencies = (
			);
			name = GuessTheFlag;
			productName = GuessTheFlag;
			productReference = 6D90122B24E4ED9D0089268C /* GuessTheFlag.app */;
			productType = "com.apple.product-type.application";
		};
		6D90124024E4ED9F0089268C /* GuessTheFlagTests */ = {
			isa = PBXNativeTarget;
			buildConfigurationList = 6D90125824E4ED9F0089268C /* Build configuration list for PBXNativeTarget "GuessTheFlagTests" */;
			buildPhases = (
				6D90123D24E4ED9F0089268C /* Sources */,
				6D90123E24E4ED9F0089268C /* Frameworks */,
				6D90123F24E4ED9F0089268C /* Resources */,
			);
			buildRules = (
			);
			dependencies = (
				6D90124324E4ED9F0089268C /* PBXTargetDependency */,
			);
			name = GuessTheFlagTests;
			productName = GuessTheFlagTests;
			productReference = 6D90124124E4ED9F0089268C /* GuessTheFlagTests.xctest */;
			productType = "com.apple.product-type.bundle.unit-test";
		};
		6D90124B24E4ED9F0089268C /* GuessTheFlagUITests */ = {
			isa = PBXNativeTarget;
			buildConfigurationList = 6D90125B24E4ED9F0089268C /* Build configuration list for PBXNativeTarget "GuessTheFlagUITests" */;
			buildPhases = (
				6D90124824E4ED9F0089268C /* Sources */,
				6D90124924E4ED9F0089268C /* Frameworks */,
				6D90124A24E4ED9F0089268C /* Resources */,
			);
			buildRules = (
			);
			dependencies = (
				6D90124E24E4ED9F0089268C /* PBXTargetDependency */,
			);
			name = GuessTheFlagUITests;
			productName = GuessTheFlagUITests;
			productReference = 6D90124C24E4ED9F0089268C /* GuessTheFlagUITests.xctest */;
			productType = "com.apple.product-type.bundle.ui-testing";
		};
/* End PBXNativeTarget section */

/* Begin PBXProject section */
		6D90122324E4ED9D0089268C /* Project object */ = {
			isa = PBXProject;
			attributes = {
				LastSwiftUpdateCheck = 1160;
				LastUpgradeCheck = 1160;
				ORGANIZATIONNAME = "Rafael Calunga";
				TargetAttributes = {
					6D90122A24E4ED9D0089268C = {
						CreatedOnToolsVersion = 11.6;
					};
					6D90124024E4ED9F0089268C = {
						CreatedOnToolsVersion = 11.6;
						TestTargetID = 6D90122A24E4ED9D0089268C;
					};
					6D90124B24E4ED9F0089268C = {
						CreatedOnToolsVersion = 11.6;
						TestTargetID = 6D90122A24E4ED9D0089268C;
					};
				};
			};
			buildConfigurationList = 6D90122624E4ED9D0089268C /* Build configuration list for PBXProject "GuessTheFlag" */;
			compatibilityVersion = "Xcode 9.3";
			developmentRegion = en;
			hasScannedForEncodings = 0;
			knownRegions = (
				en,
				Base,
			);
			mainGroup = 6D90122224E4ED9D0089268C;
			productRefGroup = 6D90122C24E4ED9D0089268C /* Products */;
			projectDirPath = "";
			projectRoot = "";
			targets = (
				6D90122A24E4ED9D0089268C /* GuessTheFlag */,
				6D90124024E4ED9F0089268C /* GuessTheFlagTests */,
				6D90124B24E4ED9F0089268C /* GuessTheFlagUITests */,
			);
		};
/* End PBXProject section */

/* Begin PBXResourcesBuildPhase section */
		6D90122924E4ED9D0089268C /* Resources */ = {
			isa = PBXResourcesBuildPhase;
			buildActionMask = 2147483647;
			files = (
				6D90123B24E4ED9E0089268C /* LaunchScreen.storyboard in Resources */,
				6D90123824E4ED9E0089268C /* Preview Assets.xcassets in Resources */,
				6D90123524E4ED9E0089268C /* Assets.xcassets in Resources */,
			);
			runOnlyForDeploymentPostprocessing = 0;
		};
		6D90123F24E4ED9F0089268C /* Resources */ = {
			isa = PBXResourcesBuildPhase;
			buildActionMask = 2147483647;
			files = (
			);
			runOnlyForDeploymentPostprocessing = 0;
		};
		6D90124A24E4ED9F0089268C /* Resources */ = {
			isa = PBXResourcesBuildPhase;
			buildActionMask = 2147483647;
			files = (
			);
			runOnlyForDeploymentPostprocessing = 0;
		};
/* End PBXResourcesBuildPhase section */

/* Begin PBXSourcesBuildPhase section */
		6D90122724E4ED9D0089268C /* Sources */ = {
			isa = PBXSourcesBuildPhase;
			buildActionMask = 2147483647;
			files = (
				6D90122F24E4ED9D0089268C /* AppDelegate.swift in Sources */,
				6D90123124E4ED9D0089268C /* SceneDelegate.swift in Sources */,
				6D90123324E4ED9D0089268C /* ContentView.swift in Sources */,
			);
			runOnlyForDeploymentPostprocessing = 0;
		};
		6D90123D24E4ED9F0089268C /* Sources */ = {
			isa = PBXSourcesBuildPhase;
			buildActionMask = 2147483647;
			files = (
				6D90124624E4ED9F0089268C /* GuessTheFlagTests.swift in Sources */,
			);
			runOnlyForDeploymentPostprocessing = 0;
		};
		6D90124824E4ED9F0089268C /* Sources */ = {
			isa = PBXSourcesBuildPhase;
			buildActionMask = 2147483647;
			files = (
				6D90125124E4ED9F0089268C /* GuessTheFlagUITests.swift in Sources */,
			);
			runOnlyForDeploymentPostprocessing = 0;
		};
/* End PBXSourcesBuildPhase section */

/* Begin PBXTargetDependency section */
		6D90124324E4ED9F0089268C /* PBXTargetDependency */ = {
			isa = PBXTargetDependency;
			target = 6D90122A24E4ED9D0089268C /* GuessTheFlag */;
			targetProxy = 6D90124224E4ED9F0089268C /* PBXContainerItemProxy */;
		};
		6D90124E24E4ED9F0089268C /* PBXTargetDependency */ = {
			isa = PBXTargetDependency;
			target = 6D90122A24E4ED9D0089268C /* GuessTheFlag */;
			targetProxy = 6D90124D24E4ED9F0089268C /* PBXContainerItemProxy */;
		};
/* End PBXTargetDependency section */

/* Begin PBXVariantGroup section */
		6D90123924E4ED9E0089268C /* LaunchScreen.storyboard */ = {
			isa = PBXVariantGroup;
			children = (
				6D90123A24E4ED9E0089268C /* Base */,
			);
			name = LaunchScreen.storyboard;
			sourceTree = "<group>";
		};
/* End PBXVariantGroup section */

/* Begin XCBuildConfiguration section */
		6D90125324E4ED9F0089268C /* Debug */ = {
			isa = XCBuildConfiguration;
			buildSettings = {
				ALWAYS_SEARCH_USER_PATHS = NO;
				CLANG_ANALYZER_NONNULL = YES;
				CLANG_ANALYZER_NUMBER_OBJECT_CONVERSION = YES_AGGRESSIVE;
				CLANG_CXX_LANGUAGE_STANDARD = "gnu++14";
				CLANG_CXX_LIBRARY = "libc++";
				CLANG_ENABLE_MODULES = YES;
				CLANG_ENABLE_OBJC_ARC = YES;
				CLANG_ENABLE_OBJC_WEAK = YES;
				CLANG_WARN_BLOCK_CAPTURE_AUTORELEASING = YES;
				CLANG_WARN_BOOL_CONVERSION = YES;
				CLANG_WARN_COMMA = YES;
				CLANG_WARN_CONSTANT_CONVERSION = YES;
				CLANG_WARN_DEPRECATED_OBJC_IMPLEMENTATIONS = YES;
				CLANG_WARN_DIRECT_OBJC_ISA_USAGE = YES_ERROR;
				CLANG_WARN_DOCUMENTATION_COMMENTS = YES;
				CLANG_WARN_EMPTY_BODY = YES;
				CLANG_WARN_ENUM_CONVERSION = YES;
				CLANG_WARN_INFINITE_RECURSION = YES;
				CLANG_WARN_INT_CONVERSION = YES;
				CLANG_WARN_NON_LITERAL_NULL_CONVERSION = YES;
				CLANG_WARN_OBJC_IMPLICIT_RETAIN_SELF = YES;
				CLANG_WARN_OBJC_LITERAL_CONVERSION = YES;
				CLANG_WARN_OBJC_ROOT_CLASS = YES_ERROR;
				CLANG_WARN_RANGE_LOOP_ANALYSIS = YES;
				CLANG_WARN_STRICT_PROTOTYPES = YES;
				CLANG_WARN_SUSPICIOUS_MOVE = YES;
				CLANG_WARN_UNGUARDED_AVAILABILITY = YES_AGGRESSIVE;
				CLANG_WARN_UNREACHABLE_CODE = YES;
				CLANG_WARN__DUPLICATE_METHOD_MATCH = YES;
				COPY_PHASE_STRIP = NO;
				DEBUG_INFORMATION_FORMAT = dwarf;
				ENABLE_STRICT_OBJC_MSGSEND = YES;
				ENABLE_TESTABILITY = YES;
				GCC_C_LANGUAGE_STANDARD = gnu11;
				GCC_DYNAMIC_NO_PIC = NO;
				GCC_NO_COMMON_BLOCKS = YES;
				GCC_OPTIMIZATION_LEVEL = 0;
				GCC_PREPROCESSOR_DEFINITIONS = (
					"DEBUG=1",
					"$(inherited)",
				);
				GCC_WARN_64_TO_32_BIT_CONVERSION = YES;
				GCC_WARN_ABOUT_RETURN_TYPE = YES_ERROR;
				GCC_WARN_UNDECLARED_SELECTOR = YES;
				GCC_WARN_UNINITIALIZED_AUTOS = YES_AGGRESSIVE;
				GCC_WARN_UNUSED_FUNCTION = YES;
				GCC_WARN_UNUSED_VARIABLE = YES;
				IPHONEOS_DEPLOYMENT_TARGET = 13.6;
				MTL_ENABLE_DEBUG_INFO = INCLUDE_SOURCE;
				MTL_FAST_MATH = YES;
				ONLY_ACTIVE_ARCH = YES;
				SDKROOT = iphoneos;
				SWIFT_ACTIVE_COMPILATION_CONDITIONS = DEBUG;
				SWIFT_OPTIMIZATION_LEVEL = "-Onone";
			};
			name = Debug;
		};
		6D90125424E4ED9F0089268C /* Release */ = {
			isa = XCBuildConfiguration;
			buildSettings = {
				ALWAYS_SEARCH_USER_PATHS = NO;
				CLANG_ANALYZER_NONNULL = YES;
				CLANG_ANALYZER_NUMBER_OBJECT_CONVERSION = YES_AGGRESSIVE;
				CLANG_CXX_LANGUAGE_STANDARD = "gnu++14";
				CLANG_CXX_LIBRARY = "libc++";
				CLANG_ENABLE_MODULES = YES;
				CLANG_ENABLE_OBJC_ARC = YES;
				CLANG_ENABLE_OBJC_WEAK = YES;
				CLANG_WARN_BLOCK_CAPTURE_AUTORELEASING = YES;
				CLANG_WARN_BOOL_CONVERSION = YES;
				CLANG_WARN_COMMA = YES;
				CLANG_WARN_CONSTANT_CONVERSION = YES;
				CLANG_WARN_DEPRECATED_OBJC_IMPLEMENTATIONS = YES;
				CLANG_WARN_DIRECT_OBJC_ISA_USAGE = YES_ERROR;
				CLANG_WARN_DOCUMENTATION_COMMENTS = YES;
				CLANG_WARN_EMPTY_BODY = YES;
				CLANG_WARN_ENUM_CONVERSION = YES;
				CLANG_WARN_INFINITE_RECURSION = YES;
				CLANG_WARN_INT_CONVERSION = YES;
				CLANG_WARN_NON_LITERAL_NULL_CONVERSION = YES;
				CLANG_WARN_OBJC_IMPLICIT_RETAIN_SELF = YES;
				CLANG_WARN_OBJC_LITERAL_CONVERSION = YES;
				CLANG_WARN_OBJC_ROOT_CLASS = YES_ERROR;
				CLANG_WARN_RANGE_LOOP_ANALYSIS = YES;
				CLANG_WARN_STRICT_PROTOTYPES = YES;
				CLANG_WARN_SUSPICIOUS_MOVE = YES;
				CLANG_WARN_UNGUARDED_AVAILABILITY = YES_AGGRESSIVE;
				CLANG_WARN_UNREACHABLE_CODE = YES;
				CLANG_WARN__DUPLICATE_METHOD_MATCH = YES;
				COPY_PHASE_STRIP = NO;
				DEBUG_INFORMATION_FORMAT = "dwarf-with-dsym";
				ENABLE_NS_ASSERTIONS = NO;
				ENABLE_STRICT_OBJC_MSGSEND = YES;
				GCC_C_LANGUAGE_STANDARD = gnu11;
				GCC_NO_COMMON_BLOCKS = YES;
				GCC_WARN_64_TO_32_BIT_CONVERSION = YES;
				GCC_WARN_ABOUT_RETURN_TYPE = YES_ERROR;
				GCC_WARN_UNDECLARED_SELECTOR = YES;
				GCC_WARN_UNINITIALIZED_AUTOS = YES_AGGRESSIVE;
				GCC_WARN_UNUSED_FUNCTION = YES;
				GCC_WARN_UNUSED_VARIABLE = YES;
				IPHONEOS_DEPLOYMENT_TARGET = 13.6;
				MTL_ENABLE_DEBUG_INFO = NO;
				MTL_FAST_MATH = YES;
				SDKROOT = iphoneos;
				SWIFT_COMPILATION_MODE = wholemodule;
				SWIFT_OPTIMIZATION_LEVEL = "-O";
				VALIDATE_PRODUCT = YES;
			};
			name = Release;
		};
		6D90125624E4ED9F0089268C /* Debug */ = {
			isa = XCBuildConfiguration;
			buildSettings = {
				ASSETCATALOG_COMPILER_APPICON_NAME = AppIcon;
				CODE_SIGN_STYLE = Automatic;
				DEVELOPMENT_ASSET_PATHS = "\"GuessTheFlag/Preview Content\"";
				ENABLE_PREVIEWS = YES;
				INFOPLIST_FILE = GuessTheFlag/Info.plist;
				LD_RUNPATH_SEARCH_PATHS = (
					"$(inherited)",
					"@executable_path/Frameworks",
				);
				PRODUCT_BUNDLE_IDENTIFIER = com.rafaelcalunga.GuessTheFlag;
				PRODUCT_NAME = "$(TARGET_NAME)";
				SWIFT_VERSION = 5.0;
				TARGETED_DEVICE_FAMILY = "1,2";
			};
			name = Debug;
		};
		6D90125724E4ED9F0089268C /* Release */ = {
			isa = XCBuildConfiguration;
			buildSettings = {
				ASSETCATALOG_COMPILER_APPICON_NAME = AppIcon;
				CODE_SIGN_STYLE = Automatic;
				DEVELOPMENT_ASSET_PATHS = "\"GuessTheFlag/Preview Content\"";
				ENABLE_PREVIEWS = YES;
				INFOPLIST_FILE = GuessTheFlag/Info.plist;
				LD_RUNPATH_SEARCH_PATHS = (
					"$(inherited)",
					"@executable_path/Frameworks",
				);
				PRODUCT_BUNDLE_IDENTIFIER = com.rafaelcalunga.GuessTheFlag;
				PRODUCT_NAME = "$(TARGET_NAME)";
				SWIFT_VERSION = 5.0;
				TARGETED_DEVICE_FAMILY = "1,2";
			};
			name = Release;
		};
		6D90125924E4ED9F0089268C /* Debug */ = {
			isa = XCBuildConfiguration;
			buildSettings = {
				ALWAYS_EMBED_SWIFT_STANDARD_LIBRARIES = YES;
				BUNDLE_LOADER = "$(TEST_HOST)";
				CODE_SIGN_STYLE = Automatic;
				INFOPLIST_FILE = GuessTheFlagTests/Info.plist;
				IPHONEOS_DEPLOYMENT_TARGET = 13.6;
				LD_RUNPATH_SEARCH_PATHS = (
					"$(inherited)",
					"@executable_path/Frameworks",
					"@loader_path/Frameworks",
				);
				PRODUCT_BUNDLE_IDENTIFIER = com.rafaelcalunga.GuessTheFlagTests;
				PRODUCT_NAME = "$(TARGET_NAME)";
				SWIFT_VERSION = 5.0;
				TARGETED_DEVICE_FAMILY = "1,2";
				TEST_HOST = "$(BUILT_PRODUCTS_DIR)/GuessTheFlag.app/GuessTheFlag";
			};
			name = Debug;
		};
		6D90125A24E4ED9F0089268C /* Release */ = {
			isa = XCBuildConfiguration;
			buildSettings = {
				ALWAYS_EMBED_SWIFT_STANDARD_LIBRARIES = YES;
				BUNDLE_LOADER = "$(TEST_HOST)";
				CODE_SIGN_STYLE = Automatic;
				INFOPLIST_FILE = GuessTheFlagTests/Info.plist;
				IPHONEOS_DEPLOYMENT_TARGET = 13.6;
				LD_RUNPATH_SEARCH_PATHS = (
					"$(inherited)",
					"@executable_path/Frameworks",
					"@loader_path/Frameworks",
				);
				PRODUCT_BUNDLE_IDENTIFIER = com.rafaelcalunga.GuessTheFlagTests;
				PRODUCT_NAME = "$(TARGET_NAME)";
				SWIFT_VERSION = 5.0;
				TARGETED_DEVICE_FAMILY = "1,2";
				TEST_HOST = "$(BUILT_PRODUCTS_DIR)/GuessTheFlag.app/GuessTheFlag";
			};
			name = Release;
		};
		6D90125C24E4ED9F0089268C /* Debug */ = {
			isa = XCBuildConfiguration;
			buildSettings = {
				ALWAYS_EMBED_SWIFT_STANDARD_LIBRARIES = YES;
				CODE_SIGN_STYLE = Automatic;
				INFOPLIST_FILE = GuessTheFlagUITests/Info.plist;
				LD_RUNPATH_SEARCH_PATHS = (
					"$(inherited)",
					"@executable_path/Frameworks",
					"@loader_path/Frameworks",
				);
				PRODUCT_BUNDLE_IDENTIFIER = com.rafaelcalunga.GuessTheFlagUITests;
				PRODUCT_NAME = "$(TARGET_NAME)";
				SWIFT_VERSION = 5.0;
				TARGETED_DEVICE_FAMILY = "1,2";
				TEST_TARGET_NAME = GuessTheFlag;
			};
			name = Debug;
		};
		6D90125D24E4ED9F0089268C /* Release */ = {
			isa = XCBuildConfiguration;
			buildSettings = {
				ALWAYS_EMBED_SWIFT_STANDARD_LIBRARIES = YES;
				CODE_SIGN_STYLE = Automatic;
				INFOPLIST_FILE = GuessTheFlagUITests/Info.plist;
				LD_RUNPATH_SEARCH_PATHS = (
					"$(inherited)",
					"@executable_path/Frameworks",
					"@loader_path/Frameworks",
				);
				PRODUCT_BUNDLE_IDENTIFIER = com.rafaelcalunga.GuessTheFlagUITests;
				PRODUCT_NAME = "$(TARGET_NAME)";
				SWIFT_VERSION = 5.0;
				TARGETED_DEVICE_FAMILY = "1,2";
				TEST_TARGET_NAME = GuessTheFlag;
			};
			name = Release;
		};
/* End XCBuildConfiguration section */

/* Begin XCConfigurationList section */
		6D90122624E4ED9D0089268C /* Build configuration list for PBXProject "GuessTheFlag" */ = {
			isa = XCConfigurationList;
			buildConfigurations = (
				6D90125324E4ED9F0089268C /* Debug */,
				6D90125424E4ED9F0089268C /* Release */,
			);
			defaultConfigurationIsVisible = 0;
			defaultConfigurationName = Release;
		};
		6D90125524E4ED9F0089268C /* Build configuration list for PBXNativeTarget "GuessTheFlag" */ = {
			isa = XCConfigurationList;
			buildConfigurations = (
				6D90125624E4ED9F0089268C /* Debug */,
				6D90125724E4ED9F0089268C /* Release */,
			);
			defaultConfigurationIsVisible = 0;
			defaultConfigurationName = Release;
		};
		6D90125824E4ED9F0089268C /* Build configuration list for PBXNativeTarget "GuessTheFlagTests" */ = {
			isa = XCConfigurationList;
			buildConfigurations = (
				6D90125924E4ED9F0089268C /* Debug */,
				6D90125A24E4ED9F0089268C /* Release */,
			);
			defaultConfigurationIsVisible = 0;
			defaultConfigurationName = Release;
		};
		6D90125B24E4ED9F0089268C /* Build configuration list for PBXNativeTarget "GuessTheFlagUITests" */ = {
			isa = XCConfigurationList;
			buildConfigurations = (
				6D90125C24E4ED9F0089268C /* Debug */,
				6D90125D24E4ED9F0089268C /* Release */,
			);
			defaultConfigurationIsVisible = 0;
			defaultConfigurationName = Release;
		};
/* End XCConfigurationList section */
	};
	rootObject = 6D90122324E4ED9D0089268C /* Project object */;
}
